<?xml version="1.0" encoding="utf-8"?>
<Project ToolsVersion="4.0" xmlns="http://schemas.microsoft.com/developer/msbuild/2003">
  <ItemGroup>
    <Filter Include="File di origine">
      <UniqueIdentifier>{4FC737F1-C7A5-4376-A066-2A32D752A2FF}</UniqueIdentifier>
      <Extensions>cpp;c;cc;cxx;c++;cppm;ixx;def;odl;idl;hpj;bat;asm;asmx</Extensions>
    </Filter>
    <Filter Include="File di intestazione">
      <UniqueIdentifier>{93995380-89BD-4b04-88EB-625FBE52EBFB}</UniqueIdentifier>
      <Extensions>h;hh;hpp;hxx;h++;hm;inl;inc;ipp;xsd</Extensions>
    </Filter>
    <Filter Include="File di risorse">
      <UniqueIdentifier>{67DA6AB6-F800-4c08-8B7A-83BB121AAD01}</UniqueIdentifier>
      <Extensions>rc;ico;cur;bmp;dlg;rc2;rct;bin;rgs;gif;jpg;jpeg;jpe;resx;tiff;tif;png;wav;mfcribbon-ms</Extensions>
    </Filter>
  </ItemGroup>
  <ItemGroup>
    <ClCompile Include="CV.cpp">
      <Filter>File di origine</Filter>
    </ClCompile>
    <ClCompile Include="Project_Main.cpp">
      <Filter>File di origine</Filter>
    </ClCompile>
    <ClCompile Include="processing.cpp">
      <Filter>File di origine</Filter>
    </ClCompile>
    <ClCompile Include="color_quantization.cpp">
      <Filter>File di origine</Filter>
    </ClCompile>
    <ClCompile Include="Final_main.cpp">
      <Filter>File di origine</Filter>
    </ClCompile>
    <ClCompile Include="getImageBoxes.cpp">
      <Filter>File di origine</Filter>
    </ClCompile>
    <ClCompile Include="J_image.cpp">
      <Filter>File di origine</Filter>
    </ClCompile>
    <ClCompile Include="merging.cpp">
      <Filter>File di origine</Filter>
    </ClCompile>
    <ClCompile Include="peer_filter.cpp">
      <Filter>File di origine</Filter>
    </ClCompile>
    <ClCompile Include="region_growing.cpp">
      <Filter>File di origine</Filter>
    </ClCompile>
    <ClCompile Include="visualize_image.cpp">
      <Filter>File di origine</Filter>
    </ClCompile>
  </ItemGroup>
  <ItemGroup>
    <Text Include="CMakeLists.txt" />
  </ItemGroup>
  <ItemGroup>
    <ClInclude Include="Constants.h">
      <Filter>File di intestazione</Filter>
    </ClInclude>
    <ClInclude Include="processing.h">
      <Filter>File di intestazione</Filter>
    </ClInclude>
    <ClInclude Include="color_quantization.h">
      <Filter>File di intestazione</Filter>
    </ClInclude>
    <ClInclude Include="getImageBoxes.h">
      <Filter>File di intestazione</Filter>
    </ClInclude>
    <ClInclude Include="J_image.h">
      <Filter>File di intestazione</Filter>
    </ClInclude>
    <ClInclude Include="merging.h">
      <Filter>File di intestazione</Filter>
    </ClInclude>
    <ClInclude Include="peer_filter.h">
      <Filter>File di intestazione</Filter>
    </ClInclude>
    <ClInclude Include="region_growing.h">
      <Filter>File di intestazione</Filter>
    </ClInclude>
    <ClInclude Include="visualize_image.h">
      <Filter>File di intestazione</Filter>
    </ClInclude>
  </ItemGroup>
</Project>